{
  "pins" : [
    {
      "identity" : "appsflyerframework",
      "kind" : "remoteSourceControl",
      "location" : "https://github.com/AppsFlyerSDK/AppsFlyerFramework",
      "state" : {
        "revision" : "8de517bea1ee8d0b5a80d3118ba3cdd3a555d94e",
        "version" : "6.13.0"
      }
    },
    {
      "identity" : "ios_sdk",
      "kind" : "remoteSourceControl",
      "location" : "https://github.com/adjust/ios_sdk",
      "state" : {
        "branch" : "master",
        "revision" : "f7a0ad4a9f99fcbfc4c73dcad557ea3c86c5aaf6"
      }
    }
  ],
  "version" : 2
}
